
Microsoft Visual Studio Solution File, Format Version 12.00
# Visual Studio 15
VisualStudioVersion = 15.0.28307.168
MinimumVisualStudioVersion = 10.0.40219.1
Project("{FAE04EC0-301F-11D3-BF4B-00C04F79EFBC}") = "PlaidDemo", "PlaidDemo\PlaidDemo.csproj", "{011346DF-BFD6-49F0-916B-CE1F95769909}"
EndProject
Global
	GlobalSection(SolutionConfigurationPlatforms) = preSolution
		Debug|Any CPU = Debug|Any CPU
		Release|Any CPU = Release|Any CPU
	EndGlobalSection
	GlobalSection(ProjectConfigurationPlatforms) = postSolution
		{011346DF-BFD6-49F0-916B-CE1F95769909}.Debug|Any CPU.ActiveCfg = Debug|Any CPU
		{011346DF-BFD6-49F0-916B-CE1F95769909}.Debug|Any CPU.Build.0 = Debug|Any CPU
		{011346DF-BFD6-49F0-916B-CE1F95769909}.Release|Any CPU.ActiveCfg = Release|Any CPU
		{011346DF-BFD6-49F0-916B-CE1F95769909}.Release|Any CPU.Build.0 = Release|Any CPU
	EndGlobalSection
	GlobalSection(SolutionProperties) = preSolution
		HideSolutionNode = FALSE
	EndGlobalSection
	GlobalSection(ExtensibilityGlobals) = postSolution
		SolutionGuid = {3F6EE8CF-8D4F-45B8-869A-B75C43308A8C}
	EndGlobalSection
EndGlobal
